PODS:
  - Realm (3.5.0):
    - Realm/Headers (= 3.5.0)
  - Realm/Headers (3.5.0)
  - RealmSwift (3.5.0):
    - Realm (= 3.5.0)
  - SnapKit (4.0.0)
  - VGPlayer (0.2.0):
    - SnapKit (~> 4.0.0)

DEPENDENCIES:
  - RealmSwift
  - SnapKit (~> 4.0.0)
  - VGPlayer (~> 0.2.0)

SPEC REPOS:
  https://github.com/cocoapods/specs.git:
    - Realm
    - RealmSwift
    - SnapKit
    - VGPlayer

SPEC CHECKSUMS:
  Realm: 0378021c424e4e2bd6a0e63b27881e929d9b9ad1
  RealmSwift: 3322562622fda2ad596985ead4d8d8be30cf838c
  SnapKit: a42d492c16e80209130a3379f73596c3454b7694
  VGPlayer: a1787135559aa3b9201ebdc733ee283315492289

PODFILE CHECKSUM: e42777705bb943f77f97cc81294e532f7648bd52

COCOAPODS: 1.5.2
