// !$*UTF8*$!
{
	archiveVersion = 1;
	classes = {
	};
	objectVersion = 50;
	objects = {

/* Begin PBXBuildFile section */
		9A0FB52A20A80CDC00F108C7 /* MapViewController.swift in Sources */ = {isa = PBXBuildFile; fileRef = 9A0FB52920A80CDC00F108C7 /* MapViewController.swift */; };
		9A0FB52C20A8746F00F108C7 /* MapDetailViewController.swift in Sources */ = {isa = PBXBuildFile; fileRef = 9A0FB52B20A8746F00F108C7 /* MapDetailViewController.swift */; };
		9A31BEDA20A87924009B85DD /* DayPlansViewController.swift in Sources */ = {isa = PBXBuildFile; fileRef = 9A31BED920A87924009B85DD /* DayPlansViewController.swift */; };
		9A31BEDD20A8795B009B85DD /* PlansTableViewCell.swift in Sources */ = {isa = PBXBuildFile; fileRef = 9A31BEDB20A8795B009B85DD /* PlansTableViewCell.swift */; };
		9A31BEDE20A8795B009B85DD /* PlansTableViewCell.xib in Resources */ = {isa = PBXBuildFile; fileRef = 9A31BEDC20A8795B009B85DD /* PlansTableViewCell.xib */; };
		9AFA085220A6DB8E00CFDF46 /* AppDelegate.swift in Sources */ = {isa = PBXBuildFile; fileRef = 9AFA085120A6DB8E00CFDF46 /* AppDelegate.swift */; };
		9AFA085420A6DB8E00CFDF46 /* ViewController.swift in Sources */ = {isa = PBXBuildFile; fileRef = 9AFA085320A6DB8E00CFDF46 /* ViewController.swift */; };
		9AFA085720A6DB8E00CFDF46 /* Main.storyboard in Resources */ = {isa = PBXBuildFile; fileRef = 9AFA085520A6DB8E00CFDF46 /* Main.storyboard */; };
		9AFA085920A6DB9000CFDF46 /* Assets.xcassets in Resources */ = {isa = PBXBuildFile; fileRef = 9AFA085820A6DB9000CFDF46 /* Assets.xcassets */; };
		9AFA085C20A6DB9000CFDF46 /* LaunchScreen.storyboard in Resources */ = {isa = PBXBuildFile; fileRef = 9AFA085A20A6DB9000CFDF46 /* LaunchScreen.storyboard */; };
		9AFA086720A6DBC000CFDF46 /* BaseTableViewController.swift in Sources */ = {isa = PBXBuildFile; fileRef = 9AFA086420A6DBC000CFDF46 /* BaseTableViewController.swift */; };
		9AFA086820A6DBC000CFDF46 /* BaseViewController.swift in Sources */ = {isa = PBXBuildFile; fileRef = 9AFA086520A6DBC000CFDF46 /* BaseViewController.swift */; };
		9AFA086920A6DBC000CFDF46 /* BaseNavViewController.swift in Sources */ = {isa = PBXBuildFile; fileRef = 9AFA086620A6DBC000CFDF46 /* BaseNavViewController.swift */; };
		9AFA086C20A6DEFA00CFDF46 /* HomeViewController.swift in Sources */ = {isa = PBXBuildFile; fileRef = 9AFA086B20A6DEFA00CFDF46 /* HomeViewController.swift */; };
		9AFA087020A6E18900CFDF46 /* logo.png in Resources */ = {isa = PBXBuildFile; fileRef = 9AFA086F20A6E18900CFDF46 /* logo.png */; };
		9AFA087620A6E57F00CFDF46 /* DeveloperViewController.swift in Sources */ = {isa = PBXBuildFile; fileRef = 9AFA087420A6E57F00CFDF46 /* DeveloperViewController.swift */; };
		9AFA087720A6E57F00CFDF46 /* DeveloperViewController.xib in Resources */ = {isa = PBXBuildFile; fileRef = 9AFA087520A6E57F00CFDF46 /* DeveloperViewController.xib */; };
		9AFA087E20A6EDD600CFDF46 /* HowItWorkViewController.swift in Sources */ = {isa = PBXBuildFile; fileRef = 9AFA087D20A6EDD600CFDF46 /* HowItWorkViewController.swift */; };
		9AFA088120A6F4EA00CFDF46 /* EmergencyViewController.swift in Sources */ = {isa = PBXBuildFile; fileRef = 9AFA088020A6F4EA00CFDF46 /* EmergencyViewController.swift */; };
		9AFA088320A6F7A100CFDF46 /* contact.png in Resources */ = {isa = PBXBuildFile; fileRef = 9AFA088220A6F7A100CFDF46 /* contact.png */; };
		9AFA088620A6F9D200CFDF46 /* AttractionListViewController.swift in Sources */ = {isa = PBXBuildFile; fileRef = 9AFA088520A6F9D200CFDF46 /* AttractionListViewController.swift */; };
		9AFA088820A6FA9000CFDF46 /* MapKit.framework in Frameworks */ = {isa = PBXBuildFile; fileRef = 9AFA088720A6FA9000CFDF46 /* MapKit.framework */; };
		9AFA088B20A6FAE700CFDF46 /* AttractionMapViewController.swift in Sources */ = {isa = PBXBuildFile; fileRef = 9AFA088A20A6FAE700CFDF46 /* AttractionMapViewController.swift */; };
		9AFA088E20A708D200CFDF46 /* AttractionModel.swift in Sources */ = {isa = PBXBuildFile; fileRef = 9AFA088D20A708D200CFDF46 /* AttractionModel.swift */; };
		FB25197C1013B608EEC3DA31 /* Pods_Stu_SIT206.framework in Frameworks */ = {isa = PBXBuildFile; fileRef = CECAA873DAD75A13C9DF5FF7 /* Pods_Stu_SIT206.framework */; };
/* End PBXBuildFile section */

/* Begin PBXFileReference section */
		39D0934E1F92184941CC010D /* Pods-Stu-SIT206.debug.xcconfig */ = {isa = PBXFileReference; includeInIndex = 1; lastKnownFileType = text.xcconfig; name = "Pods-Stu-SIT206.debug.xcconfig"; path = "Pods/Target Support Files/Pods-Stu-SIT206/Pods-Stu-SIT206.debug.xcconfig"; sourceTree = "<group>"; };
		884F7DE3B8EDC8B19C1E21AA /* Pods-Stu-SIT206.release.xcconfig */ = {isa = PBXFileReference; includeInIndex = 1; lastKnownFileType = text.xcconfig; name = "Pods-Stu-SIT206.release.xcconfig"; path = "Pods/Target Support Files/Pods-Stu-SIT206/Pods-Stu-SIT206.release.xcconfig"; sourceTree = "<group>"; };
		9A0FB52920A80CDC00F108C7 /* MapViewController.swift */ = {isa = PBXFileReference; lastKnownFileType = sourcecode.swift; path = MapViewController.swift; sourceTree = "<group>"; };
		9A0FB52B20A8746F00F108C7 /* MapDetailViewController.swift */ = {isa = PBXFileReference; lastKnownFileType = sourcecode.swift; path = MapDetailViewController.swift; sourceTree = "<group>"; };
		9A31BED920A87924009B85DD /* DayPlansViewController.swift */ = {isa = PBXFileReference; lastKnownFileType = sourcecode.swift; path = DayPlansViewController.swift; sourceTree = "<group>"; };
		9A31BEDB20A8795B009B85DD /* PlansTableViewCell.swift */ = {isa = PBXFileReference; lastKnownFileType = sourcecode.swift; path = PlansTableViewCell.swift; sourceTree = "<group>"; };
		9A31BEDC20A8795B009B85DD /* PlansTableViewCell.xib */ = {isa = PBXFileReference; lastKnownFileType = file.xib; path = PlansTableViewCell.xib; sourceTree = "<group>"; };
		9AFA084E20A6DB8E00CFDF46 /* Stu-SIT206.app */ = {isa = PBXFileReference; explicitFileType = wrapper.application; includeInIndex = 0; path = "Stu-SIT206.app"; sourceTree = BUILT_PRODUCTS_DIR; };
		9AFA085120A6DB8E00CFDF46 /* AppDelegate.swift */ = {isa = PBXFileReference; lastKnownFileType = sourcecode.swift; path = AppDelegate.swift; sourceTree = "<group>"; };
		9AFA085320A6DB8E00CFDF46 /* ViewController.swift */ = {isa = PBXFileReference; lastKnownFileType = sourcecode.swift; path = ViewController.swift; sourceTree = "<group>"; };
		9AFA085620A6DB8E00CFDF46 /* Base */ = {isa = PBXFileReference; lastKnownFileType = file.storyboard; name = Base; path = Base.lproj/Main.storyboard; sourceTree = "<group>"; };
		9AFA085820A6DB9000CFDF46 /* Assets.xcassets */ = {isa = PBXFileReference; lastKnownFileType = folder.assetcatalog; path = Assets.xcassets; sourceTree = "<group>"; };
		9AFA085B20A6DB9000CFDF46 /* Base */ = {isa = PBXFileReference; lastKnownFileType = file.storyboard; name = Base; path = Base.lproj/LaunchScreen.storyboard; sourceTree = "<group>"; };
		9AFA085D20A6DB9000CFDF46 /* Info.plist */ = {isa = PBXFileReference; lastKnownFileType = text.plist.xml; path = Info.plist; sourceTree = "<group>"; };
		9AFA086420A6DBC000CFDF46 /* BaseTableViewController.swift */ = {isa = PBXFileReference; fileEncoding = 4; lastKnownFileType = sourcecode.swift; path = BaseTableViewController.swift; sourceTree = "<group>"; };
		9AFA086520A6DBC000CFDF46 /* BaseViewController.swift */ = {isa = PBXFileReference; fileEncoding = 4; lastKnownFileType = sourcecode.swift; path = BaseViewController.swift; sourceTree = "<group>"; };
		9AFA086620A6DBC000CFDF46 /* BaseNavViewController.swift */ = {isa = PBXFileReference; fileEncoding = 4; lastKnownFileType = sourcecode.swift; path = BaseNavViewController.swift; sourceTree = "<group>"; };
		9AFA086B20A6DEFA00CFDF46 /* HomeViewController.swift */ = {isa = PBXFileReference; lastKnownFileType = sourcecode.swift; path = HomeViewController.swift; sourceTree = "<group>"; };
		9AFA086F20A6E18900CFDF46 /* logo.png */ = {isa = PBXFileReference; lastKnownFileType = image.png; path = logo.png; sourceTree = "<group>"; };
		9AFA087420A6E57F00CFDF46 /* DeveloperViewController.swift */ = {isa = PBXFileReference; lastKnownFileType = sourcecode.swift; path = DeveloperViewController.swift; sourceTree = "<group>"; };
		9AFA087520A6E57F00CFDF46 /* DeveloperViewController.xib */ = {isa = PBXFileReference; lastKnownFileType = file.xib; path = DeveloperViewController.xib; sourceTree = "<group>"; };
		9AFA087D20A6EDD600CFDF46 /* HowItWorkViewController.swift */ = {isa = PBXFileReference; fileEncoding = 4; lastKnownFileType = sourcecode.swift; path = HowItWorkViewController.swift; sourceTree = "<group>"; };
		9AFA088020A6F4EA00CFDF46 /* EmergencyViewController.swift */ = {isa = PBXFileReference; lastKnownFileType = sourcecode.swift; path = EmergencyViewController.swift; sourceTree = "<group>"; };
		9AFA088220A6F7A100CFDF46 /* contact.png */ = {isa = PBXFileReference; lastKnownFileType = image.png; path = contact.png; sourceTree = "<group>"; };
		9AFA088520A6F9D200CFDF46 /* AttractionListViewController.swift */ = {isa = PBXFileReference; lastKnownFileType = sourcecode.swift; path = AttractionListViewController.swift; sourceTree = "<group>"; };
		9AFA088720A6FA9000CFDF46 /* MapKit.framework */ = {isa = PBXFileReference; lastKnownFileType = wrapper.framework; name = MapKit.framework; path = System/Library/Frameworks/MapKit.framework; sourceTree = SDKROOT; };
		9AFA088A20A6FAE700CFDF46 /* AttractionMapViewController.swift */ = {isa = PBXFileReference; lastKnownFileType = sourcecode.swift; path = AttractionMapViewController.swift; sourceTree = "<group>"; };
		9AFA088D20A708D200CFDF46 /* AttractionModel.swift */ = {isa = PBXFileReference; lastKnownFileType = sourcecode.swift; path = AttractionModel.swift; sourceTree = "<group>"; };
		CECAA873DAD75A13C9DF5FF7 /* Pods_Stu_SIT206.framework */ = {isa = PBXFileReference; explicitFileType = wrapper.framework; includeInIndex = 0; path = Pods_Stu_SIT206.framework; sourceTree = BUILT_PRODUCTS_DIR; };
/* End PBXFileReference section */

/* Begin PBXFrameworksBuildPhase section */
		9AFA084B20A6DB8E00CFDF46 /* Frameworks */ = {
			isa = PBXFrameworksBuildPhase;
			buildActionMask = 2147483647;
			files = (
				9AFA088820A6FA9000CFDF46 /* MapKit.framework in Frameworks */,
				FB25197C1013B608EEC3DA31 /* Pods_Stu_SIT206.framework in Frameworks */,
			);
			runOnlyForDeploymentPostprocessing = 0;
		};
/* End PBXFrameworksBuildPhase section */

/* Begin PBXGroup section */
		00A06EA72F6B78CB10C5906A /* Frameworks */ = {
			isa = PBXGroup;
			children = (
				9AFA088720A6FA9000CFDF46 /* MapKit.framework */,
				CECAA873DAD75A13C9DF5FF7 /* Pods_Stu_SIT206.framework */,
			);
			name = Frameworks;
			sourceTree = "<group>";
		};
		9A0FB52820A80CC700F108C7 /* MapView */ = {
			isa = PBXGroup;
			children = (
				9A0FB52920A80CDC00F108C7 /* MapViewController.swift */,
				9A0FB52B20A8746F00F108C7 /* MapDetailViewController.swift */,
			);
			path = MapView;
			sourceTree = "<group>";
		};
		9A31BED820A878D9009B85DD /* DayPlans */ = {
			isa = PBXGroup;
			children = (
				9A31BED920A87924009B85DD /* DayPlansViewController.swift */,
				9A31BEDB20A8795B009B85DD /* PlansTableViewCell.swift */,
				9A31BEDC20A8795B009B85DD /* PlansTableViewCell.xib */,
			);
			path = DayPlans;
			sourceTree = "<group>";
		};
		9AFA084520A6DB8E00CFDF46 = {
			isa = PBXGroup;
			children = (
				9AFA085020A6DB8E00CFDF46 /* Stu-SIT206 */,
				9AFA084F20A6DB8E00CFDF46 /* Products */,
				E6F26A0A546BAFDE319CC9A0 /* Pods */,
				00A06EA72F6B78CB10C5906A /* Frameworks */,
			);
			sourceTree = "<group>";
		};
		9AFA084F20A6DB8E00CFDF46 /* Products */ = {
			isa = PBXGroup;
			children = (
				9AFA084E20A6DB8E00CFDF46 /* Stu-SIT206.app */,
			);
			name = Products;
			sourceTree = "<group>";
		};
		9AFA085020A6DB8E00CFDF46 /* Stu-SIT206 */ = {
			isa = PBXGroup;
			children = (
				9A31BED820A878D9009B85DD /* DayPlans */,
				9A0FB52820A80CC700F108C7 /* MapView */,
				9AFA088C20A708AA00CFDF46 /* Model */,
				9AFA088920A6FACD00CFDF46 /* AttractionMapView */,
				9AFA088420A6F9B500CFDF46 /* AttractionsList */,
				9AFA087F20A6F4C900CFDF46 /* EmergencyContacts */,
				9AFA087C20A6EDD600CFDF46 /* HowItWork */,
				9AFA087120A6E50800CFDF46 /* DeveloperInfo */,
				9AFA086D20A6E17900CFDF46 /* Resource */,
				9AFA086A20A6DD4300CFDF46 /* Home */,
				9AFA086320A6DBAA00CFDF46 /* Base */,
				9AFA085120A6DB8E00CFDF46 /* AppDelegate.swift */,
				9AFA085320A6DB8E00CFDF46 /* ViewController.swift */,
				9AFA085520A6DB8E00CFDF46 /* Main.storyboard */,
				9AFA085820A6DB9000CFDF46 /* Assets.xcassets */,
				9AFA085A20A6DB9000CFDF46 /* LaunchScreen.storyboard */,
				9AFA085D20A6DB9000CFDF46 /* Info.plist */,
			);
			path = "Stu-SIT206";
			sourceTree = "<group>";
		};
		9AFA086320A6DBAA00CFDF46 /* Base */ = {
			isa = PBXGroup;
			children = (
				9AFA086620A6DBC000CFDF46 /* BaseNavViewController.swift */,
				9AFA086420A6DBC000CFDF46 /* BaseTableViewController.swift */,
				9AFA086520A6DBC000CFDF46 /* BaseViewController.swift */,
			);
			path = Base;
			sourceTree = "<group>";
		};
		9AFA086A20A6DD4300CFDF46 /* Home */ = {
			isa = PBXGroup;
			children = (
				9AFA086B20A6DEFA00CFDF46 /* HomeViewController.swift */,
			);
			path = Home;
			sourceTree = "<group>";
		};
		9AFA086D20A6E17900CFDF46 /* Resource */ = {
			isa = PBXGroup;
			children = (
				9AFA086E20A6E18000CFDF46 /* Image */,
			);
			path = Resource;
			sourceTree = "<group>";
		};
		9AFA086E20A6E18000CFDF46 /* Image */ = {
			isa = PBXGroup;
			children = (
				9AFA088220A6F7A100CFDF46 /* contact.png */,
				9AFA086F20A6E18900CFDF46 /* logo.png */,
			);
			path = Image;
			sourceTree = "<group>";
		};
		9AFA087120A6E50800CFDF46 /* DeveloperInfo */ = {
			isa = PBXGroup;
			children = (
				9AFA087420A6E57F00CFDF46 /* DeveloperViewController.swift */,
				9AFA087520A6E57F00CFDF46 /* DeveloperViewController.xib */,
			);
			path = DeveloperInfo;
			sourceTree = "<group>";
		};
		9AFA087C20A6EDD600CFDF46 /* HowItWork */ = {
			isa = PBXGroup;
			children = (
				9AFA087D20A6EDD600CFDF46 /* HowItWorkViewController.swift */,
			);
			path = HowItWork;
			sourceTree = "<group>";
		};
		9AFA087F20A6F4C900CFDF46 /* EmergencyContacts */ = {
			isa = PBXGroup;
			children = (
				9AFA088020A6F4EA00CFDF46 /* EmergencyViewController.swift */,
			);
			path = EmergencyContacts;
			sourceTree = "<group>";
		};
		9AFA088420A6F9B500CFDF46 /* AttractionsList */ = {
			isa = PBXGroup;
			children = (
				9AFA088520A6F9D200CFDF46 /* AttractionListViewController.swift */,
			);
			path = AttractionsList;
			sourceTree = "<group>";
		};
		9AFA088920A6FACD00CFDF46 /* AttractionMapView */ = {
			isa = PBXGroup;
			children = (
				9AFA088A20A6FAE700CFDF46 /* AttractionMapViewController.swift */,
			);
			path = AttractionMapView;
			sourceTree = "<group>";
		};
		9AFA088C20A708AA00CFDF46 /* Model */ = {
			isa = PBXGroup;
			children = (
				9AFA088D20A708D200CFDF46 /* AttractionModel.swift */,
			);
			path = Model;
			sourceTree = "<group>";
		};
		E6F26A0A546BAFDE319CC9A0 /* Pods */ = {
			isa = PBXGroup;
			children = (
				39D0934E1F92184941CC010D /* Pods-Stu-SIT206.debug.xcconfig */,
				884F7DE3B8EDC8B19C1E21AA /* Pods-Stu-SIT206.release.xcconfig */,
			);
			name = Pods;
			sourceTree = "<group>";
		};
/* End PBXGroup section */

/* Begin PBXNativeTarget section */
		9AFA084D20A6DB8E00CFDF46 /* Stu-SIT206 */ = {
			isa = PBXNativeTarget;
			buildConfigurationList = 9AFA086020A6DB9000CFDF46 /* Build configuration list for PBXNativeTarget "Stu-SIT206" */;
			buildPhases = (
				523F0730E0E152855F9E7D29 /* [CP] Check Pods Manifest.lock */,
				9AFA084A20A6DB8E00CFDF46 /* Sources */,
				9AFA084B20A6DB8E00CFDF46 /* Frameworks */,
				9AFA084C20A6DB8E00CFDF46 /* Resources */,
				663D6B54D23CFE7AEB6B9D01 /* [CP] Embed Pods Frameworks */,
				DBAAB9019683CC2D58946CFF /* [CP] Copy Pods Resources */,
			);
			buildRules = (
			);
			dependencies = (
			);
			name = "Stu-SIT206";
			productName = "Stu-SIT206";
			productReference = 9AFA084E20A6DB8E00CFDF46 /* Stu-SIT206.app */;
			productType = "com.apple.product-type.application";
		};
/* End PBXNativeTarget section */

/* Begin PBXProject section */
		9AFA084620A6DB8E00CFDF46 /* Project object */ = {
			isa = PBXProject;
			attributes = {
				LastSwiftUpdateCheck = 0930;
				LastUpgradeCheck = 0930;
				ORGANIZATIONNAME = cpwu;
				TargetAttributes = {
					9AFA084D20A6DB8E00CFDF46 = {
						CreatedOnToolsVersion = 9.3;
						SystemCapabilities = {
							com.apple.Maps.iOS = {
								enabled = 1;
							};
						};
					};
				};
			};
			buildConfigurationList = 9AFA084920A6DB8E00CFDF46 /* Build configuration list for PBXProject "Stu-SIT206" */;
			compatibilityVersion = "Xcode 9.3";
			developmentRegion = en;
			hasScannedForEncodings = 0;
			knownRegions = (
				en,
				Base,
			);
			mainGroup = 9AFA084520A6DB8E00CFDF46;
			productRefGroup = 9AFA084F20A6DB8E00CFDF46 /* Products */;
			projectDirPath = "";
			projectRoot = "";
			targets = (
				9AFA084D20A6DB8E00CFDF46 /* Stu-SIT206 */,
			);
		};
/* End PBXProject section */

/* Begin PBXResourcesBuildPhase section */
		9AFA084C20A6DB8E00CFDF46 /* Resources */ = {
			isa = PBXResourcesBuildPhase;
			buildActionMask = 2147483647;
			files = (
				9A31BEDE20A8795B009B85DD /* PlansTableViewCell.xib in Resources */,
				9AFA088320A6F7A100CFDF46 /* contact.png in Resources */,
				9AFA087020A6E18900CFDF46 /* logo.png in Resources */,
				9AFA085C20A6DB9000CFDF46 /* LaunchScreen.storyboard in Resources */,
				9AFA085920A6DB9000CFDF46 /* Assets.xcassets in Resources */,
				9AFA085720A6DB8E00CFDF46 /* Main.storyboard in Resources */,
				9AFA087720A6E57F00CFDF46 /* DeveloperViewController.xib in Resources */,
			);
			runOnlyForDeploymentPostprocessing = 0;
		};
/* End PBXResourcesBuildPhase section */

/* Begin PBXShellScriptBuildPhase section */
		523F0730E0E152855F9E7D29 /* [CP] Check Pods Manifest.lock */ = {
			isa = PBXShellScriptBuildPhase;
			buildActionMask = 2147483647;
			files = (
			);
			inputPaths = (
				"${PODS_PODFILE_DIR_PATH}/Podfile.lock",
				"${PODS_ROOT}/Manifest.lock",
			);
			name = "[CP] Check Pods Manifest.lock";
			outputPaths = (
				"$(DERIVED_FILE_DIR)/Pods-Stu-SIT206-checkManifestLockResult.txt",
			);
			runOnlyForDeploymentPostprocessing = 0;
			shellPath = /bin/sh;
			shellScript = "diff \"${PODS_PODFILE_DIR_PATH}/Podfile.lock\" \"${PODS_ROOT}/Manifest.lock\" > /dev/null\nif [ $? != 0 ] ; then\n    # print error to STDERR\n    echo \"error: The sandbox is not in sync with the Podfile.lock. Run 'pod install' or update your CocoaPods installation.\" >&2\n    exit 1\nfi\n# This output is used by Xcode 'outputs' to avoid re-running this script phase.\necho \"SUCCESS\" > \"${SCRIPT_OUTPUT_FILE_0}\"\n";
			showEnvVarsInLog = 0;
		};
		663D6B54D23CFE7AEB6B9D01 /* [CP] Embed Pods Frameworks */ = {
			isa = PBXShellScriptBuildPhase;
			buildActionMask = 2147483647;
			files = (
			);
			inputPaths = (
				"${SRCROOT}/Pods/Target Support Files/Pods-Stu-SIT206/Pods-Stu-SIT206-frameworks.sh",
				"${BUILT_PRODUCTS_DIR}/Realm/Realm.framework",
				"${BUILT_PRODUCTS_DIR}/RealmSwift/RealmSwift.framework",
				"${BUILT_PRODUCTS_DIR}/SnapKit/SnapKit.framework",
				"${BUILT_PRODUCTS_DIR}/VGPlayer/VGPlayer.framework",
			);
			name = "[CP] Embed Pods Frameworks";
			outputPaths = (
				"${TARGET_BUILD_DIR}/${FRAMEWORKS_FOLDER_PATH}/Realm.framework",
				"${TARGET_BUILD_DIR}/${FRAMEWORKS_FOLDER_PATH}/RealmSwift.framework",
				"${TARGET_BUILD_DIR}/${FRAMEWORKS_FOLDER_PATH}/SnapKit.framework",
				"${TARGET_BUILD_DIR}/${FRAMEWORKS_FOLDER_PATH}/VGPlayer.framework",
			);
			runOnlyForDeploymentPostprocessing = 0;
			shellPath = /bin/sh;
			shellScript = "\"${SRCROOT}/Pods/Target Support Files/Pods-Stu-SIT206/Pods-Stu-SIT206-frameworks.sh\"\n";
			showEnvVarsInLog = 0;
		};
		DBAAB9019683CC2D58946CFF /* [CP] Copy Pods Resources */ = {
			isa = PBXShellScriptBuildPhase;
			buildActionMask = 2147483647;
			files = (
			);
			inputPaths = (
			);
			name = "[CP] Copy Pods Resources";
			outputPaths = (
			);
			runOnlyForDeploymentPostprocessing = 0;
			shellPath = /bin/sh;
			shellScript = "\"${SRCROOT}/Pods/Target Support Files/Pods-Stu-SIT206/Pods-Stu-SIT206-resources.sh\"\n";
			showEnvVarsInLog = 0;
		};
/* End PBXShellScriptBuildPhase section */

/* Begin PBXSourcesBuildPhase section */
		9AFA084A20A6DB8E00CFDF46 /* Sources */ = {
			isa = PBXSourcesBuildPhase;
			buildActionMask = 2147483647;
			files = (
				9AFA086920A6DBC000CFDF46 /* BaseNavViewController.swift in Sources */,
				9AFA086720A6DBC000CFDF46 /* BaseTableViewController.swift in Sources */,
				9AFA088E20A708D200CFDF46 /* AttractionModel.swift in Sources */,
				9AFA086820A6DBC000CFDF46 /* BaseViewController.swift in Sources */,
				9A31BEDD20A8795B009B85DD /* PlansTableViewCell.swift in Sources */,
				9A0FB52C20A8746F00F108C7 /* MapDetailViewController.swift in Sources */,
				9AFA085420A6DB8E00CFDF46 /* ViewController.swift in Sources */,
				9AFA088B20A6FAE700CFDF46 /* AttractionMapViewController.swift in Sources */,
				9A0FB52A20A80CDC00F108C7 /* MapViewController.swift in Sources */,
				9AFA085220A6DB8E00CFDF46 /* AppDelegate.swift in Sources */,
				9A31BEDA20A87924009B85DD /* DayPlansViewController.swift in Sources */,
				9AFA088120A6F4EA00CFDF46 /* EmergencyViewController.swift in Sources */,
				9AFA087E20A6EDD600CFDF46 /* HowItWorkViewController.swift in Sources */,
				9AFA088620A6F9D200CFDF46 /* AttractionListViewController.swift in Sources */,
				9AFA086C20A6DEFA00CFDF46 /* HomeViewController.swift in Sources */,
				9AFA087620A6E57F00CFDF46 /* DeveloperViewController.swift in Sources */,
			);
			runOnlyForDeploymentPostprocessing = 0;
		};
/* End PBXSourcesBuildPhase section */

/* Begin PBXVariantGroup section */
		9AFA085520A6DB8E00CFDF46 /* Main.storyboard */ = {
			isa = PBXVariantGroup;
			children = (
				9AFA085620A6DB8E00CFDF46 /* Base */,
			);
			name = Main.storyboard;
			sourceTree = "<group>";
		};
		9AFA085A20A6DB9000CFDF46 /* LaunchScreen.storyboard */ = {
			isa = PBXVariantGroup;
			children = (
				9AFA085B20A6DB9000CFDF46 /* Base */,
			);
			name = LaunchScreen.storyboard;
			sourceTree = "<group>";
		};
/* End PBXVariantGroup section */

/* Begin XCBuildConfiguration section */
		9AFA085E20A6DB9000CFDF46 /* Debug */ = {
			isa = XCBuildConfiguration;
			buildSettings = {
				ALWAYS_SEARCH_USER_PATHS = NO;
				CLANG_ANALYZER_NONNULL = YES;
				CLANG_ANALYZER_NUMBER_OBJECT_CONVERSION = YES_AGGRESSIVE;
				CLANG_CXX_LANGUAGE_STANDARD = "gnu++14";
				CLANG_CXX_LIBRARY = "libc++";
				CLANG_ENABLE_MODULES = YES;
				CLANG_ENABLE_OBJC_ARC = YES;
				CLANG_ENABLE_OBJC_WEAK = YES;
				CLANG_WARN_BLOCK_CAPTURE_AUTORELEASING = YES;
				CLANG_WARN_BOOL_CONVERSION = YES;
				CLANG_WARN_COMMA = YES;
				CLANG_WARN_CONSTANT_CONVERSION = YES;
				CLANG_WARN_DEPRECATED_OBJC_IMPLEMENTATIONS = YES;
				CLANG_WARN_DIRECT_OBJC_ISA_USAGE = YES_ERROR;
				CLANG_WARN_DOCUMENTATION_COMMENTS = YES;
				CLANG_WARN_EMPTY_BODY = YES;
				CLANG_WARN_ENUM_CONVERSION = YES;
				CLANG_WARN_INFINITE_RECURSION = YES;
				CLANG_WARN_INT_CONVERSION = YES;
				CLANG_WARN_NON_LITERAL_NULL_CONVERSION = YES;
				CLANG_WARN_OBJC_IMPLICIT_RETAIN_SELF = YES;
				CLANG_WARN_OBJC_LITERAL_CONVERSION = YES;
				CLANG_WARN_OBJC_ROOT_CLASS = YES_ERROR;
				CLANG_WARN_RANGE_LOOP_ANALYSIS = YES;
				CLANG_WARN_STRICT_PROTOTYPES = YES;
				CLANG_WARN_SUSPICIOUS_MOVE = YES;
				CLANG_WARN_UNGUARDED_AVAILABILITY = YES_AGGRESSIVE;
				CLANG_WARN_UNREACHABLE_CODE = YES;
				CLANG_WARN__DUPLICATE_METHOD_MATCH = YES;
				CODE_SIGN_IDENTITY = "iPhone Developer";
				COPY_PHASE_STRIP = NO;
				DEBUG_INFORMATION_FORMAT = dwarf;
				ENABLE_STRICT_OBJC_MSGSEND = YES;
				ENABLE_TESTABILITY = YES;
				GCC_C_LANGUAGE_STANDARD = gnu11;
				GCC_DYNAMIC_NO_PIC = NO;
				GCC_NO_COMMON_BLOCKS = YES;
				GCC_OPTIMIZATION_LEVEL = 0;
				GCC_PREPROCESSOR_DEFINITIONS = (
					"DEBUG=1",
					"$(inherited)",
				);
				GCC_WARN_64_TO_32_BIT_CONVERSION = YES;
				GCC_WARN_ABOUT_RETURN_TYPE = YES_ERROR;
				GCC_WARN_UNDECLARED_SELECTOR = YES;
				GCC_WARN_UNINITIALIZED_AUTOS = YES_AGGRESSIVE;
				GCC_WARN_UNUSED_FUNCTION = YES;
				GCC_WARN_UNUSED_VARIABLE = YES;
				IPHONEOS_DEPLOYMENT_TARGET = 11.3;
				MTL_ENABLE_DEBUG_INFO = YES;
				ONLY_ACTIVE_ARCH = YES;
				SDKROOT = iphoneos;
				SWIFT_ACTIVE_COMPILATION_CONDITIONS = DEBUG;
				SWIFT_OPTIMIZATION_LEVEL = "-Onone";
			};
			name = Debug;
		};
		9AFA085F20A6DB9000CFDF46 /* Release */ = {
			isa = XCBuildConfiguration;
			buildSettings = {
				ALWAYS_SEARCH_USER_PATHS = NO;
				CLANG_ANALYZER_NONNULL = YES;
				CLANG_ANALYZER_NUMBER_OBJECT_CONVERSION = YES_AGGRESSIVE;
				CLANG_CXX_LANGUAGE_STANDARD = "gnu++14";
				CLANG_CXX_LIBRARY = "libc++";
				CLANG_ENABLE_MODULES = YES;
				CLANG_ENABLE_OBJC_ARC = YES;
				CLANG_ENABLE_OBJC_WEAK = YES;
				CLANG_WARN_BLOCK_CAPTURE_AUTORELEASING = YES;
				CLANG_WARN_BOOL_CONVERSION = YES;
				CLANG_WARN_COMMA = YES;
				CLANG_WARN_CONSTANT_CONVERSION = YES;
				CLANG_WARN_DEPRECATED_OBJC_IMPLEMENTATIONS = YES;
				CLANG_WARN_DIRECT_OBJC_ISA_USAGE = YES_ERROR;
				CLANG_WARN_DOCUMENTATION_COMMENTS = YES;
				CLANG_WARN_EMPTY_BODY = YES;
				CLANG_WARN_ENUM_CONVERSION = YES;
				CLANG_WARN_INFINITE_RECURSION = YES;
				CLANG_WARN_INT_CONVERSION = YES;
				CLANG_WARN_NON_LITERAL_NULL_CONVERSION = YES;
				CLANG_WARN_OBJC_IMPLICIT_RETAIN_SELF = YES;
				CLANG_WARN_OBJC_LITERAL_CONVERSION = YES;
				CLANG_WARN_OBJC_ROOT_CLASS = YES_ERROR;
				CLANG_WARN_RANGE_LOOP_ANALYSIS = YES;
				CLANG_WARN_STRICT_PROTOTYPES = YES;
				CLANG_WARN_SUSPICIOUS_MOVE = YES;
				CLANG_WARN_UNGUARDED_AVAILABILITY = YES_AGGRESSIVE;
				CLANG_WARN_UNREACHABLE_CODE = YES;
				CLANG_WARN__DUPLICATE_METHOD_MATCH = YES;
				CODE_SIGN_IDENTITY = "iPhone Developer";
				COPY_PHASE_STRIP = NO;
				DEBUG_INFORMATION_FORMAT = "dwarf-with-dsym";
				ENABLE_NS_ASSERTIONS = NO;
				ENABLE_STRICT_OBJC_MSGSEND = YES;
				GCC_C_LANGUAGE_STANDARD = gnu11;
				GCC_NO_COMMON_BLOCKS = YES;
				GCC_WARN_64_TO_32_BIT_CONVERSION = YES;
				GCC_WARN_ABOUT_RETURN_TYPE = YES_ERROR;
				GCC_WARN_UNDECLARED_SELECTOR = YES;
				GCC_WARN_UNINITIALIZED_AUTOS = YES_AGGRESSIVE;
				GCC_WARN_UNUSED_FUNCTION = YES;
				GCC_WARN_UNUSED_VARIABLE = YES;
				IPHONEOS_DEPLOYMENT_TARGET = 11.3;
				MTL_ENABLE_DEBUG_INFO = NO;
				SDKROOT = iphoneos;
				SWIFT_COMPILATION_MODE = wholemodule;
				SWIFT_OPTIMIZATION_LEVEL = "-O";
				VALIDATE_PRODUCT = YES;
			};
			name = Release;
		};
		9AFA086120A6DB9000CFDF46 /* Debug */ = {
			isa = XCBuildConfiguration;
			baseConfigurationReference = 39D0934E1F92184941CC010D /* Pods-Stu-SIT206.debug.xcconfig */;
			buildSettings = {
				ASSETCATALOG_COMPILER_APPICON_NAME = AppIcon;
				CODE_SIGN_STYLE = Automatic;
				DEVELOPMENT_TEAM = 955U3B7J9J;
				INFOPLIST_FILE = "Stu-SIT206/Info.plist";
				LD_RUNPATH_SEARCH_PATHS = (
					"$(inherited)",
					"@executable_path/Frameworks",
				);
				PRODUCT_BUNDLE_IDENTIFIER = "xiehang.Stu-SIT206";
				PRODUCT_NAME = "$(TARGET_NAME)";
				SWIFT_VERSION = 4.0;
				TARGETED_DEVICE_FAMILY = "1,2";
			};
			name = Debug;
		};
		9AFA086220A6DB9000CFDF46 /* Release */ = {
			isa = XCBuildConfiguration;
			baseConfigurationReference = 884F7DE3B8EDC8B19C1E21AA /* Pods-Stu-SIT206.release.xcconfig */;
			buildSettings = {
				ASSETCATALOG_COMPILER_APPICON_NAME = AppIcon;
				CODE_SIGN_STYLE = Automatic;
				DEVELOPMENT_TEAM = 955U3B7J9J;
				INFOPLIST_FILE = "Stu-SIT206/Info.plist";
				LD_RUNPATH_SEARCH_PATHS = (
					"$(inherited)",
					"@executable_path/Frameworks",
				);
				PRODUCT_BUNDLE_IDENTIFIER = "xiehang.Stu-SIT206";
				PRODUCT_NAME = "$(TARGET_NAME)";
				SWIFT_VERSION = 4.0;
				TARGETED_DEVICE_FAMILY = "1,2";
			};
			name = Release;
		};
/* End XCBuildConfiguration section */

/* Begin XCConfigurationList section */
		9AFA084920A6DB8E00CFDF46 /* Build configuration list for PBXProject "Stu-SIT206" */ = {
			isa = XCConfigurationList;
			buildConfigurations = (
				9AFA085E20A6DB9000CFDF46 /* Debug */,
				9AFA085F20A6DB9000CFDF46 /* Release */,
			);
			defaultConfigurationIsVisible = 0;
			defaultConfigurationName = Release;
		};
		9AFA086020A6DB9000CFDF46 /* Build configuration list for PBXNativeTarget "Stu-SIT206" */ = {
			isa = XCConfigurationList;
			buildConfigurations = (
				9AFA086120A6DB9000CFDF46 /* Debug */,
				9AFA086220A6DB9000CFDF46 /* Release */,
			);
			defaultConfigurationIsVisible = 0;
			defaultConfigurationName = Release;
		};
/* End XCConfigurationList section */
	};
	rootObject = 9AFA084620A6DB8E00CFDF46 /* Project object */;
}
